
Microsoft Visual Studio Solution File, Format Version 12.00
# Visual Studio Version 16
VisualStudioVersion = 16.0.30011.22
MinimumVisualStudioVersion = 10.0.40219.1
Project("{FAE04EC0-301F-11D3-BF4B-00C04F79EFBC}") = "MvcMovie", "MvcMovie\MvcMovie.csproj", "{EC980D31-C6EF-4F5F-83C6-8BD6DA51A729}"
EndProject
Global
	GlobalSection(SolutionConfigurationPlatforms) = preSolution
		Debug|Any CPU = Debug|Any CPU
		Release|Any CPU = Release|Any CPU
	EndGlobalSection
	GlobalSection(ProjectConfigurationPlatforms) = postSolution
		{EC980D31-C6EF-4F5F-83C6-8BD6DA51A729}.Debug|Any CPU.ActiveCfg = Debug|Any CPU
		{EC980D31-C6EF-4F5F-83C6-8BD6DA51A729}.Debug|Any CPU.Build.0 = Debug|Any CPU
		{EC980D31-C6EF-4F5F-83C6-8BD6DA51A729}.Release|Any CPU.ActiveCfg = Release|Any CPU
		{EC980D31-C6EF-4F5F-83C6-8BD6DA51A729}.Release|Any CPU.Build.0 = Release|Any CPU
	EndGlobalSection
	GlobalSection(SolutionProperties) = preSolution
		HideSolutionNode = FALSE
	EndGlobalSection
	GlobalSection(ExtensibilityGlobals) = postSolution
		SolutionGuid = {9BADE0A7-179A-4B01-A62F-A4C5CE199839}
	EndGlobalSection
EndGlobal
